
Microsoft Visual Studio Solution File, Format Version 12.00
# Visual Studio Version 16
VisualStudioVersion = 16.0.29613.14
MinimumVisualStudioVersion = 10.0.40219.1
Project("{FAE04EC0-301F-11D3-BF4B-00C04F79EFBC}") = "ClassiOperatore", "ClassiOperatore\ClassiOperatore.csproj", "{9B3CBFA8-21D6-401A-957C-D0A1DFDFD68A}"
EndProject
Global
	GlobalSection(SolutionConfigurationPlatforms) = preSolution
		Debug|Any CPU = Debug|Any CPU
		Release|Any CPU = Release|Any CPU
	EndGlobalSection
	GlobalSection(ProjectConfigurationPlatforms) = postSolution
		{9B3CBFA8-21D6-401A-957C-D0A1DFDFD68A}.Debug|Any CPU.ActiveCfg = Debug|Any CPU
		{9B3CBFA8-21D6-401A-957C-D0A1DFDFD68A}.Debug|Any CPU.Build.0 = Debug|Any CPU
		{9B3CBFA8-21D6-401A-957C-D0A1DFDFD68A}.Release|Any CPU.ActiveCfg = Release|Any CPU
		{9B3CBFA8-21D6-401A-957C-D0A1DFDFD68A}.Release|Any CPU.Build.0 = Release|Any CPU
	EndGlobalSection
	GlobalSection(SolutionProperties) = preSolution
		HideSolutionNode = FALSE
	EndGlobalSection
	GlobalSection(ExtensibilityGlobals) = postSolution
		SolutionGuid = {A56B3566-53FA-435C-873A-166EB773502B}
	EndGlobalSection
EndGlobal
